<?xml version="1.0" encoding="utf-8"?>
<Project ToolsVersion="4.0" xmlns="http://schemas.microsoft.com/developer/msbuild/2003">
  <ItemGroup>
    <Filter Include="Source Files">
      <UniqueIdentifier>{4FC737F1-C7A5-4376-A066-2A32D752A2FF}</UniqueIdentifier>
      <Extensions>cpp;c;cc;cxx;def;odl;idl;hpj;bat;asm;asmx</Extensions>
    </Filter>
    <Filter Include="Header Files">
      <UniqueIdentifier>{93995380-89BD-4b04-88EB-625FBE52EBFB}</UniqueIdentifier>
      <Extensions>h;hh;hpp;hxx;hm;inl;inc;ipp;xsd</Extensions>
    </Filter>
    <Filter Include="Resource Files">
      <UniqueIdentifier>{67DA6AB6-F800-4c08-8B7A-83BB121AAD01}</UniqueIdentifier>
      <Extensions>rc;ico;cur;bmp;dlg;rc2;rct;bin;rgs;gif;jpg;jpeg;jpe;resx;tiff;tif;png;wav;mfcribbon-ms</Extensions>
    </Filter>
    <Filter Include="Header Files\Debug">
      <UniqueIdentifier>{823c7c40-83b8-4ad5-946a-d38484d10284}</UniqueIdentifier>
    </Filter>
    <Filter Include="Source Files\Debugging">
      <UniqueIdentifier>{c989d40f-5638-4bd0-9ad0-6c4272044555}</UniqueIdentifier>
    </Filter>
    <Filter Include="Source Files\Not Used">
      <UniqueIdentifier>{17775354-f9a7-47b0-b17f-0aaed466cde0}</UniqueIdentifier>
    </Filter>
    <Filter Include="Source Files\Constructors">
      <UniqueIdentifier>{8872ef6c-9b05-4c59-b500-0c7a50128bd8}</UniqueIdentifier>
    </Filter>
    <Filter Include="Source Files\ConvexCombi">
      <UniqueIdentifier>{845077c5-e2b2-40fd-b636-8df477f4a36b}</UniqueIdentifier>
    </Filter>
    <Filter Include="Source Files\PSAP">
      <UniqueIdentifier>{4b2a0d7f-7406-4086-8806-3b4625cfb5ec}</UniqueIdentifier>
    </Filter>
    <Filter Include="Source Files\DepthFirstSearch">
      <UniqueIdentifier>{d3e50246-d15a-4a6d-b110-8997ef3ef23c}</UniqueIdentifier>
    </Filter>
    <Filter Include="Header Files\Classes">
      <UniqueIdentifier>{f526e9df-7968-47b5-b1db-0648686f9d7f}</UniqueIdentifier>
    </Filter>
    <Filter Include="Source Files\PrintingFunctions">
      <UniqueIdentifier>{0cff1adf-11c1-40c3-b246-fa1aa520672e}</UniqueIdentifier>
    </Filter>
    <Filter Include="Source Files\TouristAlternatives">
      <UniqueIdentifier>{c5049db7-1086-4057-96d4-70053ee6f728}</UniqueIdentifier>
    </Filter>
    <Filter Include="Source Files\VNS">
      <UniqueIdentifier>{b9000547-e96c-48ec-95d5-0d3ca1dfc981}</UniqueIdentifier>
    </Filter>
  </ItemGroup>
  <ItemGroup>
    <ClCompile Include="Main.cpp">
      <Filter>Source Files</Filter>
    </ClCompile>
    <ClCompile Include="print2Dim.cpp">
      <Filter>Source Files\Debugging</Filter>
    </ClCompile>
    <ClCompile Include="print2DimtoFile.cpp">
      <Filter>Source Files\Debugging</Filter>
    </ClCompile>
    <ClCompile Include="print2DimDouble.cpp">
      <Filter>Source Files\Debugging</Filter>
    </ClCompile>
    <ClCompile Include="print2DimtoFileDouble.cpp">
      <Filter>Source Files\Debugging</Filter>
    </ClCompile>
    <ClCompile Include="print2Dim1.cpp">
      <Filter>Source Files\Debugging</Filter>
    </ClCompile>
    <ClCompile Include="print2DimDouble1.cpp">
      <Filter>Source Files\Debugging</Filter>
    </ClCompile>
    <ClCompile Include="print2DimtoFile1.cpp">
      <Filter>Source Files\Debugging</Filter>
    </ClCompile>
    <ClCompile Include="print2DimtoFileDouble1.cpp">
      <Filter>Source Files\Debugging</Filter>
    </ClCompile>
    <ClCompile Include="MaintenanceActivities.cpp">
      <Filter>Source Files\Constructors</Filter>
    </ClCompile>
    <ClCompile Include="RoadNetwork.cpp">
      <Filter>Source Files\Constructors</Filter>
    </ClCompile>
    <ClCompile Include="ScheduleAndFlows.cpp">
      <Filter>Source Files\Constructors</Filter>
    </ClCompile>
    <ClCompile Include="initializeSchedule.cpp">
      <Filter>Source Files</Filter>
    </ClCompile>
    <ClCompile Include="binaryToCapacities.cpp">
      <Filter>Source Files</Filter>
    </ClCompile>
    <ClCompile Include="ConvexCombinations.cpp">
      <Filter>Source Files\ConvexCombi</Filter>
    </ClCompile>
    <ClCompile Include="calculateConvergenceTest.cpp">
      <Filter>Source Files\ConvexCombi</Filter>
    </ClCompile>
    <ClCompile Include="findGoodStepsize.cpp">
      <Filter>Source Files\ConvexCombi</Filter>
    </ClCompile>
    <ClCompile Include="findShortestPath.cpp">
      <Filter>Source Files\ConvexCombi</Filter>
    </ClCompile>
    <ClCompile Include="adjustAvailableRoutes.cpp">
      <Filter>Source Files</Filter>
    </ClCompile>
    <ClCompile Include="findInterruptedRoutes.cpp">
      <Filter>Source Files</Filter>
    </ClCompile>
    <ClCompile Include="print2Dim0.cpp">
      <Filter>Source Files\Debugging</Filter>
    </ClCompile>
    <ClCompile Include="proportionalSwitch.cpp">
      <Filter>Source Files\PSAP</Filter>
    </ClCompile>
    <ClCompile Include="updateExpectedPathTimes.cpp">
      <Filter>Source Files\PSAP</Filter>
    </ClCompile>
    <ClCompile Include="adjustingTrafficflows.cpp">
      <Filter>Source Files\PSAP</Filter>
    </ClCompile>
    <ClCompile Include="determineFlowClosingPaths.cpp">
      <Filter>Source Files\PSAP</Filter>
    </ClCompile>
    <ClCompile Include="findAlternativePathRecurringDrivers.cpp">
      <Filter>Source Files\PSAP</Filter>
    </ClCompile>
    <ClCompile Include="depthFirstSearch.cpp">
      <Filter>Source Files\DepthFirstSearch</Filter>
    </ClCompile>
    <ClCompile Include="dfsRecursive.cpp">
      <Filter>Source Files\DepthFirstSearch</Filter>
    </ClCompile>
    <ClCompile Include="findAllPaths.cpp">
      <Filter>Source Files\DepthFirstSearch</Filter>
    </ClCompile>
    <ClCompile Include="findShortestAlternativeTourist.cpp">
      <Filter>Source Files\DepthFirstSearch</Filter>
    </ClCompile>
    <ClCompile Include="bruteForceSchedule.cpp">
      <Filter>Source Files</Filter>
    </ClCompile>
    <ClCompile Include="wholeScheduleToMaintenance.cpp">
      <Filter>Source Files</Filter>
    </ClCompile>
    <ClCompile Include="print2DimDouble0.cpp">
      <Filter>Source Files\Debugging</Filter>
    </ClCompile>
    <ClCompile Include="totalTravelTime.cpp">
      <Filter>Source Files</Filter>
    </ClCompile>
    <ClCompile Include="printTraffic.cpp">
      <Filter>Source Files\PrintingFunctions</Filter>
    </ClCompile>
    <ClCompile Include="printSchedule.cpp">
      <Filter>Source Files\PrintingFunctions</Filter>
    </ClCompile>
    <ClCompile Include="printInput.cpp">
      <Filter>Source Files\PrintingFunctions</Filter>
    </ClCompile>
    <ClCompile Include="printRecurringTraffic.cpp">
      <Filter>Source Files\PrintingFunctions</Filter>
    </ClCompile>
    <ClCompile Include="printRoutes.cpp">
      <Filter>Source Files\PrintingFunctions</Filter>
    </ClCompile>
    <ClCompile Include="touristAlternative.cpp">
      <Filter>Source Files\TouristAlternatives</Filter>
    </ClCompile>
    <ClCompile Include="findTouristAlternative1.cpp">
      <Filter>Source Files\TouristAlternatives</Filter>
    </ClCompile>
    <ClCompile Include="timeMoveNeighbourhood.cpp">
      <Filter>Source Files\VNS</Filter>
    </ClCompile>
    <ClCompile Include="adjustTouristArcFlows.cpp">
      <Filter>Source Files\TouristAlternatives</Filter>
    </ClCompile>
    <ClCompile Include="costFromSchedule.cpp">
      <Filter>Source Files</Filter>
    </ClCompile>
    <ClCompile Include="shakeTimeNBH.cpp">
      <Filter>Source Files\VNS</Filter>
    </ClCompile>
  </ItemGroup>
  <ItemGroup>
    <ClInclude Include="performanceTimer.h">
      <Filter>Header Files\Debug</Filter>
    </ClInclude>
    <ClInclude Include="generalPrintingFunctions.h">
      <Filter>Header Files\Debug</Filter>
    </ClInclude>
    <ClInclude Include="ConvexCombinations.h">
      <Filter>Header Files</Filter>
    </ClInclude>
    <ClInclude Include="InitializationFunctions.h">
      <Filter>Header Files</Filter>
    </ClInclude>
    <ClInclude Include="ScheduleCheckFunctions.h">
      <Filter>Header Files</Filter>
    </ClInclude>
    <ClInclude Include="PSAP.h">
      <Filter>Header Files</Filter>
    </ClInclude>
    <ClInclude Include="DepthFirstSearchFunctions.h">
      <Filter>Header Files</Filter>
    </ClInclude>
    <ClInclude Include="MaintenanceActivities.h">
      <Filter>Header Files\Classes</Filter>
    </ClInclude>
    <ClInclude Include="ScheduleAndFlows.h">
      <Filter>Header Files\Classes</Filter>
    </ClInclude>
    <ClInclude Include="RoadNetwork.h">
      <Filter>Header Files\Classes</Filter>
    </ClInclude>
    <ClInclude Include="costCalculationFunctions.h">
      <Filter>Header Files</Filter>
    </ClInclude>
    <ClInclude Include="printingResults.h">
      <Filter>Header Files</Filter>
    </ClInclude>
    <ClInclude Include="TouristAlternative.h">
      <Filter>Header Files</Filter>
    </ClInclude>
    <ClInclude Include="resource.h">
      <Filter>Header Files</Filter>
    </ClInclude>
    <ClInclude Include="VNS.h">
      <Filter>Header Files</Filter>
    </ClInclude>
  </ItemGroup>
</Project>